
Microsoft Visual Studio Solution File, Format Version 11.00
# Visual Studio 2010
Project("{FAE04EC0-301F-11D3-BF4B-00C04F79EFBC}") = "Gdk.Framework", "Gdk.Framework\Gdk.Framework.csproj", "{976A7F51-2C5A-4EF9-9BB4-0E4AEBDB53C9}"
EndProject
Project("{FAE04EC0-301F-11D3-BF4B-00C04F79EFBC}") = "Gdk.ContentStudio", "Gdk.ContentStudio\Gdk.ContentStudio.csproj", "{458F9266-108B-4F25-A382-ED4FE583AC26}"
EndProject
Global
	GlobalSection(SolutionConfigurationPlatforms) = preSolution
		Debug|Any CPU = Debug|Any CPU
		Release|Any CPU = Release|Any CPU
	EndGlobalSection
	GlobalSection(ProjectConfigurationPlatforms) = postSolution
		{458F9266-108B-4F25-A382-ED4FE583AC26}.Debug|Any CPU.ActiveCfg = Debug|Any CPU
		{458F9266-108B-4F25-A382-ED4FE583AC26}.Debug|Any CPU.Build.0 = Debug|Any CPU
		{458F9266-108B-4F25-A382-ED4FE583AC26}.Release|Any CPU.ActiveCfg = Release|Any CPU
		{458F9266-108B-4F25-A382-ED4FE583AC26}.Release|Any CPU.Build.0 = Release|Any CPU
		{976A7F51-2C5A-4EF9-9BB4-0E4AEBDB53C9}.Debug|Any CPU.ActiveCfg = Debug|Any CPU
		{976A7F51-2C5A-4EF9-9BB4-0E4AEBDB53C9}.Debug|Any CPU.Build.0 = Debug|Any CPU
		{976A7F51-2C5A-4EF9-9BB4-0E4AEBDB53C9}.Release|Any CPU.ActiveCfg = Release|Any CPU
		{976A7F51-2C5A-4EF9-9BB4-0E4AEBDB53C9}.Release|Any CPU.Build.0 = Release|Any CPU
	EndGlobalSection
	GlobalSection(MonoDevelopProperties) = preSolution
		StartupItem = Gdk.ContentStudio\Gdk.ContentStudio.csproj
	EndGlobalSection
EndGlobal
