
Microsoft Visual Studio Solution File, Format Version 10.00
# Visual Studio 2008
Project("{FAE04EC0-301F-11D3-BF4B-00C04F79EFBC}") = "Gdk.Framework", "Gdk.Framework\Gdk.Framework.csproj", "{6A4198BC-4FB5-4638-A2C0-8F4B628E1F91}"
EndProject
Project("{FAE04EC0-301F-11D3-BF4B-00C04F79EFBC}") = "Gdk.ContentStudio", "Gdk.ContentStudio\Gdk.ContentStudio.csproj", "{0EB89AE2-CE10-4B94-A540-C07DC0A0DCC2}"
EndProject
Project("{FAE04EC0-301F-11D3-BF4B-00C04F79EFBC}") = "Gdk.AssetViewer", "Gdk.AssetViewer\Gdk.AssetViewer.csproj", "{F09D3D1E-6FD0-4F69-80DF-B4657F946434}"
EndProject
Global
	GlobalSection(SolutionConfigurationPlatforms) = preSolution
		Debug|Any CPU = Debug|Any CPU
		Release|Any CPU = Release|Any CPU
	EndGlobalSection
	GlobalSection(ProjectConfigurationPlatforms) = postSolution
		{6A4198BC-4FB5-4638-A2C0-8F4B628E1F91}.Debug|Any CPU.ActiveCfg = Debug|Any CPU
		{6A4198BC-4FB5-4638-A2C0-8F4B628E1F91}.Debug|Any CPU.Build.0 = Debug|Any CPU
		{6A4198BC-4FB5-4638-A2C0-8F4B628E1F91}.Release|Any CPU.ActiveCfg = Release|Any CPU
		{6A4198BC-4FB5-4638-A2C0-8F4B628E1F91}.Release|Any CPU.Build.0 = Release|Any CPU
		{0EB89AE2-CE10-4B94-A540-C07DC0A0DCC2}.Debug|Any CPU.ActiveCfg = Debug|Any CPU
		{0EB89AE2-CE10-4B94-A540-C07DC0A0DCC2}.Debug|Any CPU.Build.0 = Debug|Any CPU
		{0EB89AE2-CE10-4B94-A540-C07DC0A0DCC2}.Release|Any CPU.ActiveCfg = Release|Any CPU
		{0EB89AE2-CE10-4B94-A540-C07DC0A0DCC2}.Release|Any CPU.Build.0 = Release|Any CPU
		{F09D3D1E-6FD0-4F69-80DF-B4657F946434}.Debug|Any CPU.ActiveCfg = Debug|Any CPU
		{F09D3D1E-6FD0-4F69-80DF-B4657F946434}.Debug|Any CPU.Build.0 = Debug|Any CPU
		{F09D3D1E-6FD0-4F69-80DF-B4657F946434}.Release|Any CPU.ActiveCfg = Release|Any CPU
		{F09D3D1E-6FD0-4F69-80DF-B4657F946434}.Release|Any CPU.Build.0 = Release|Any CPU
	EndGlobalSection
	GlobalSection(SolutionProperties) = preSolution
		HideSolutionNode = FALSE
	EndGlobalSection
EndGlobal
